
Microsoft Visual Studio Solution File, Format Version 12.00
# Visual Studio Version 16
VisualStudioVersion = 16.0.31424.327
MinimumVisualStudioVersion = 10.0.40219.1
Project("{FAE04EC0-301F-11D3-BF4B-00C04F79EFBC}") = "MarsRover.BusinessLogic", "MarsRover.BusinessLogic\MarsRover.BusinessLogic.csproj", "{14727BFD-8119-4F85-828B-CF1CF6D88D8B}"
EndProject
Project("{FAE04EC0-301F-11D3-BF4B-00C04F79EFBC}") = "MarsRover.Console", "MarsRover.Console\MarsRover.Console.csproj", "{23774453-8979-4B51-B202-3A52FCBCB142}"
EndProject
Project("{FAE04EC0-301F-11D3-BF4B-00C04F79EFBC}") = "MarsRover.BusinessLogic.TestProject", "MarsRover.TestProject\MarsRover.BusinessLogic.TestProject.csproj", "{146D015C-3668-4368-8809-4E43B6E7CD57}"
EndProject
Project("{FAE04EC0-301F-11D3-BF4B-00C04F79EFBC}") = "MarsRover.Console.TestProject", "MarsRover.Console.TestProject\MarsRover.Console.TestProject.csproj", "{85664BA8-AD6F-47D8-A78A-A09F5790393D}"
EndProject
Global
	GlobalSection(SolutionConfigurationPlatforms) = preSolution
		Debug|Any CPU = Debug|Any CPU
		Release|Any CPU = Release|Any CPU
	EndGlobalSection
	GlobalSection(ProjectConfigurationPlatforms) = postSolution
		{14727BFD-8119-4F85-828B-CF1CF6D88D8B}.Debug|Any CPU.ActiveCfg = Debug|Any CPU
		{14727BFD-8119-4F85-828B-CF1CF6D88D8B}.Debug|Any CPU.Build.0 = Debug|Any CPU
		{14727BFD-8119-4F85-828B-CF1CF6D88D8B}.Release|Any CPU.ActiveCfg = Release|Any CPU
		{14727BFD-8119-4F85-828B-CF1CF6D88D8B}.Release|Any CPU.Build.0 = Release|Any CPU
		{23774453-8979-4B51-B202-3A52FCBCB142}.Debug|Any CPU.ActiveCfg = Debug|Any CPU
		{23774453-8979-4B51-B202-3A52FCBCB142}.Debug|Any CPU.Build.0 = Debug|Any CPU
		{23774453-8979-4B51-B202-3A52FCBCB142}.Release|Any CPU.ActiveCfg = Release|Any CPU
		{23774453-8979-4B51-B202-3A52FCBCB142}.Release|Any CPU.Build.0 = Release|Any CPU
		{146D015C-3668-4368-8809-4E43B6E7CD57}.Debug|Any CPU.ActiveCfg = Debug|Any CPU
		{146D015C-3668-4368-8809-4E43B6E7CD57}.Debug|Any CPU.Build.0 = Debug|Any CPU
		{146D015C-3668-4368-8809-4E43B6E7CD57}.Release|Any CPU.ActiveCfg = Release|Any CPU
		{146D015C-3668-4368-8809-4E43B6E7CD57}.Release|Any CPU.Build.0 = Release|Any CPU
		{85664BA8-AD6F-47D8-A78A-A09F5790393D}.Debug|Any CPU.ActiveCfg = Debug|Any CPU
		{85664BA8-AD6F-47D8-A78A-A09F5790393D}.Debug|Any CPU.Build.0 = Debug|Any CPU
		{85664BA8-AD6F-47D8-A78A-A09F5790393D}.Release|Any CPU.ActiveCfg = Release|Any CPU
		{85664BA8-AD6F-47D8-A78A-A09F5790393D}.Release|Any CPU.Build.0 = Release|Any CPU
	EndGlobalSection
	GlobalSection(SolutionProperties) = preSolution
		HideSolutionNode = FALSE
	EndGlobalSection
	GlobalSection(ExtensibilityGlobals) = postSolution
		SolutionGuid = {53B3AC65-5607-40B7-BE1D-8CBA0DF82B39}
	EndGlobalSection
EndGlobal
